PODS:
  - Kingfisher (3.9.1)
  - ReactiveCocoa (6.0.0):
    - ReactiveSwift (~> 2.0)
  - ReactiveSwift (2.0.0):
    - Result (~> 3.2)
  - Result (3.2.3)
  - RxCocoa (3.6.1):
    - RxSwift (~> 3.6)
  - RxSwift (3.6.1)

DEPENDENCIES:
  - Kingfisher (~> 3.9.1)
  - ReactiveCocoa
  - RxCocoa (~> 3.4)
  - RxSwift (~> 3.4)

SPEC CHECKSUMS:
  Kingfisher: 6729a0baaa458245bfb8cd5a1296c71c10d6eb6c
  ReactiveCocoa: ca689e37b6a922f0273918220d735c43368de550
  ReactiveSwift: 36339167e571774d936482d0f6512f5118a74731
  Result: 128640a6347e8d2ae48b142556739a2d13f90ce6
  RxCocoa: 84a08739ab186248c7f31ce4ee92d6f8a947d690
  RxSwift: f9de85ea20cd2f7716ee5409fc13523dc638e4e4

PODFILE CHECKSUM: 6d6bf56bd1390a8035997bb4bb9f64a7ef294bc3

COCOAPODS: 1.2.0
